
Microsoft Visual Studio Solution File, Format Version 12.00
# Visual Studio Version 18
VisualStudioVersion = 18.5.11716.220 stable
MinimumVisualStudioVersion = 10.0.40219.1
Project("{2150E333-8FDC-42A3-9474-1A3956D46DE8}") = "src", "src", "{54202B5E-9742-41FF-9A73-097A3887D3FA}"
EndProject
Project("{FAE04EC0-301F-11D3-BF4B-00C04F79EFBC}") = "01.Base", "src\01.Base\01.Base.csproj", "{DF7886C9-8DCC-42AF-9B8D-BFF9187FAB5F}"
EndProject
Project("{FAE04EC0-301F-11D3-BF4B-00C04F79EFBC}") = "02.Domain", "src\02.Domain\02.Domain.csproj", "{C035C333-8A92-4087-9B9D-69FE3931D90C}"
EndProject
Project("{FAE04EC0-301F-11D3-BF4B-00C04F79EFBC}") = "03.Shared", "src\03.Shared\03.Shared.csproj", "{422DC64E-BA77-4344-B5AE-0AAE5002F86C}"
EndProject
Project("{FAE04EC0-301F-11D3-BF4B-00C04F79EFBC}") = "04.Application", "src\04.Application\04.Application.csproj", "{AE9AE275-2210-481C-89D9-E31C5A66ECD6}"
EndProject
Project("{FAE04EC0-301F-11D3-BF4B-00C04F79EFBC}") = "05.Infrastructure", "src\05.Infrastructure\05.Infrastructure.csproj", "{D1298078-295D-4AC6-8C69-59EBC7ED92AB}"
EndProject
Project("{FAE04EC0-301F-11D3-BF4B-00C04F79EFBC}") = "06.WebApi", "src\06.WebApi\06.WebApi.csproj", "{8B7CC3EF-984F-46C4-9CD6-9B78F9B32C10}"
EndProject
Project("{FAE04EC0-301F-11D3-BF4B-00C04F79EFBC}") = "07.Client", "src\07.Client\07.Client.csproj", "{0F635F5A-AD67-45E7-98B1-08539913BC40}"
EndProject
Project("{FAE04EC0-301F-11D3-BF4B-00C04F79EFBC}") = "08.Bsui", "src\08.Bsui\08.Bsui.csproj", "{EA83CE3B-62CB-4051-93CC-CA6CE2A5937A}"
EndProject
Global
	GlobalSection(SolutionConfigurationPlatforms) = preSolution
		Debug|Any CPU = Debug|Any CPU
		Release|Any CPU = Release|Any CPU
	EndGlobalSection
	GlobalSection(ProjectConfigurationPlatforms) = postSolution
		{DF7886C9-8DCC-42AF-9B8D-BFF9187FAB5F}.Debug|Any CPU.ActiveCfg = Debug|Any CPU
		{DF7886C9-8DCC-42AF-9B8D-BFF9187FAB5F}.Debug|Any CPU.Build.0 = Debug|Any CPU
		{DF7886C9-8DCC-42AF-9B8D-BFF9187FAB5F}.Release|Any CPU.ActiveCfg = Release|Any CPU
		{DF7886C9-8DCC-42AF-9B8D-BFF9187FAB5F}.Release|Any CPU.Build.0 = Release|Any CPU
		{C035C333-8A92-4087-9B9D-69FE3931D90C}.Debug|Any CPU.ActiveCfg = Debug|Any CPU
		{C035C333-8A92-4087-9B9D-69FE3931D90C}.Debug|Any CPU.Build.0 = Debug|Any CPU
		{C035C333-8A92-4087-9B9D-69FE3931D90C}.Release|Any CPU.ActiveCfg = Release|Any CPU
		{C035C333-8A92-4087-9B9D-69FE3931D90C}.Release|Any CPU.Build.0 = Release|Any CPU
		{422DC64E-BA77-4344-B5AE-0AAE5002F86C}.Debug|Any CPU.ActiveCfg = Debug|Any CPU
		{422DC64E-BA77-4344-B5AE-0AAE5002F86C}.Debug|Any CPU.Build.0 = Debug|Any CPU
		{422DC64E-BA77-4344-B5AE-0AAE5002F86C}.Release|Any CPU.ActiveCfg = Release|Any CPU
		{422DC64E-BA77-4344-B5AE-0AAE5002F86C}.Release|Any CPU.Build.0 = Release|Any CPU
		{AE9AE275-2210-481C-89D9-E31C5A66ECD6}.Debug|Any CPU.ActiveCfg = Debug|Any CPU
		{AE9AE275-2210-481C-89D9-E31C5A66ECD6}.Debug|Any CPU.Build.0 = Debug|Any CPU
		{AE9AE275-2210-481C-89D9-E31C5A66ECD6}.Release|Any CPU.ActiveCfg = Release|Any CPU
		{AE9AE275-2210-481C-89D9-E31C5A66ECD6}.Release|Any CPU.Build.0 = Release|Any CPU
		{D1298078-295D-4AC6-8C69-59EBC7ED92AB}.Debug|Any CPU.ActiveCfg = Debug|Any CPU
		{D1298078-295D-4AC6-8C69-59EBC7ED92AB}.Debug|Any CPU.Build.0 = Debug|Any CPU
		{D1298078-295D-4AC6-8C69-59EBC7ED92AB}.Release|Any CPU.ActiveCfg = Release|Any CPU
		{D1298078-295D-4AC6-8C69-59EBC7ED92AB}.Release|Any CPU.Build.0 = Release|Any CPU
		{8B7CC3EF-984F-46C4-9CD6-9B78F9B32C10}.Debug|Any CPU.ActiveCfg = Debug|Any CPU
		{8B7CC3EF-984F-46C4-9CD6-9B78F9B32C10}.Debug|Any CPU.Build.0 = Debug|Any CPU
		{8B7CC3EF-984F-46C4-9CD6-9B78F9B32C10}.Release|Any CPU.ActiveCfg = Release|Any CPU
		{8B7CC3EF-984F-46C4-9CD6-9B78F9B32C10}.Release|Any CPU.Build.0 = Release|Any CPU
		{0F635F5A-AD67-45E7-98B1-08539913BC40}.Debug|Any CPU.ActiveCfg = Debug|Any CPU
		{0F635F5A-AD67-45E7-98B1-08539913BC40}.Debug|Any CPU.Build.0 = Debug|Any CPU
		{0F635F5A-AD67-45E7-98B1-08539913BC40}.Release|Any CPU.ActiveCfg = Release|Any CPU
		{0F635F5A-AD67-45E7-98B1-08539913BC40}.Release|Any CPU.Build.0 = Release|Any CPU
		{EA83CE3B-62CB-4051-93CC-CA6CE2A5937A}.Debug|Any CPU.ActiveCfg = Debug|Any CPU
		{EA83CE3B-62CB-4051-93CC-CA6CE2A5937A}.Debug|Any CPU.Build.0 = Debug|Any CPU
		{EA83CE3B-62CB-4051-93CC-CA6CE2A5937A}.Release|Any CPU.ActiveCfg = Release|Any CPU
		{EA83CE3B-62CB-4051-93CC-CA6CE2A5937A}.Release|Any CPU.Build.0 = Release|Any CPU
	EndGlobalSection
	GlobalSection(SolutionProperties) = preSolution
		HideSolutionNode = FALSE
	EndGlobalSection
	GlobalSection(NestedProjects) = preSolution
		{DF7886C9-8DCC-42AF-9B8D-BFF9187FAB5F} = {54202B5E-9742-41FF-9A73-097A3887D3FA}
		{C035C333-8A92-4087-9B9D-69FE3931D90C} = {54202B5E-9742-41FF-9A73-097A3887D3FA}
		{422DC64E-BA77-4344-B5AE-0AAE5002F86C} = {54202B5E-9742-41FF-9A73-097A3887D3FA}
		{AE9AE275-2210-481C-89D9-E31C5A66ECD6} = {54202B5E-9742-41FF-9A73-097A3887D3FA}
		{D1298078-295D-4AC6-8C69-59EBC7ED92AB} = {54202B5E-9742-41FF-9A73-097A3887D3FA}
		{8B7CC3EF-984F-46C4-9CD6-9B78F9B32C10} = {54202B5E-9742-41FF-9A73-097A3887D3FA}
		{0F635F5A-AD67-45E7-98B1-08539913BC40} = {54202B5E-9742-41FF-9A73-097A3887D3FA}
		{EA83CE3B-62CB-4051-93CC-CA6CE2A5937A} = {54202B5E-9742-41FF-9A73-097A3887D3FA}
	EndGlobalSection
EndGlobal
